// !$*UTF8*$!
{
	archiveVersion = 1;
	classes = {
	};
	objectVersion = 46;
	objects = {

/* Begin PBXBuildFile section */
		281ED574199EC6C1000A6EF0 /* STTitleScene.m in Sources */ = {isa = PBXBuildFile; fileRef = 281ED573199EC6C1000A6EF0 /* STTitleScene.m */; };
		285AAD0F1968EB41004FFE85 /* Foundation.framework in Frameworks */ = {isa = PBXBuildFile; fileRef = 285AAD0E1968EB41004FFE85 /* Foundation.framework */; };
		285AAD111968EB41004FFE85 /* CoreGraphics.framework in Frameworks */ = {isa = PBXBuildFile; fileRef = 285AAD101968EB41004FFE85 /* CoreGraphics.framework */; };
		285AAD131968EB41004FFE85 /* UIKit.framework in Frameworks */ = {isa = PBXBuildFile; fileRef = 285AAD121968EB41004FFE85 /* UIKit.framework */; };
		285AAD151968EB41004FFE85 /* SpriteKit.framework in Frameworks */ = {isa = PBXBuildFile; fileRef = 285AAD141968EB41004FFE85 /* SpriteKit.framework */; };
		285AAD1B1968EB41004FFE85 /* InfoPlist.strings in Resources */ = {isa = PBXBuildFile; fileRef = 285AAD191968EB41004FFE85 /* InfoPlist.strings */; };
		285AAD1D1968EB41004FFE85 /* main.m in Sources */ = {isa = PBXBuildFile; fileRef = 285AAD1C1968EB41004FFE85 /* main.m */; };
		285AAD211968EB41004FFE85 /* STAppDelegate.m in Sources */ = {isa = PBXBuildFile; fileRef = 285AAD201968EB41004FFE85 /* STAppDelegate.m */; };
		285AAD241968EB41004FFE85 /* Main.storyboard in Resources */ = {isa = PBXBuildFile; fileRef = 285AAD221968EB41004FFE85 /* Main.storyboard */; };
		285AAD271968EB41004FFE85 /* STViewController.m in Sources */ = {isa = PBXBuildFile; fileRef = 285AAD261968EB41004FFE85 /* STViewController.m */; };
		285AAD2E1968EB41004FFE85 /* Images.xcassets in Resources */ = {isa = PBXBuildFile; fileRef = 285AAD2D1968EB41004FFE85 /* Images.xcassets */; };
		285AAD351968EB41004FFE85 /* XCTest.framework in Frameworks */ = {isa = PBXBuildFile; fileRef = 285AAD341968EB41004FFE85 /* XCTest.framework */; };
		285AAD361968EB41004FFE85 /* Foundation.framework in Frameworks */ = {isa = PBXBuildFile; fileRef = 285AAD0E1968EB41004FFE85 /* Foundation.framework */; };
		285AAD371968EB41004FFE85 /* UIKit.framework in Frameworks */ = {isa = PBXBuildFile; fileRef = 285AAD121968EB41004FFE85 /* UIKit.framework */; };
		285AAD3F1968EB41004FFE85 /* InfoPlist.strings in Resources */ = {isa = PBXBuildFile; fileRef = 285AAD3D1968EB41004FFE85 /* InfoPlist.strings */; };
		285AAD411968EB41004FFE85 /* Space_CatTests.m in Sources */ = {isa = PBXBuildFile; fileRef = 285AAD401968EB41004FFE85 /* Space_CatTests.m */; };
/* End PBXBuildFile section */

/* Begin PBXContainerItemProxy section */
		285AAD381968EB41004FFE85 /* PBXContainerItemProxy */ = {
			isa = PBXContainerItemProxy;
			containerPortal = 285AAD031968EB40004FFE85 /* Project object */;
			proxyType = 1;
			remoteGlobalIDString = 285AAD0A1968EB41004FFE85;
			remoteInfo = "Space Cat";
		};
/* End PBXContainerItemProxy section */

/* Begin PBXFileReference section */
		281ED572199EC6C1000A6EF0 /* STTitleScene.h */ = {isa = PBXFileReference; fileEncoding = 4; lastKnownFileType = sourcecode.c.h; path = STTitleScene.h; sourceTree = "<group>"; };
		281ED573199EC6C1000A6EF0 /* STTitleScene.m */ = {isa = PBXFileReference; fileEncoding = 4; lastKnownFileType = sourcecode.c.objc; path = STTitleScene.m; sourceTree = "<group>"; };
		285AAD0B1968EB41004FFE85 /* Space Cat.app */ = {isa = PBXFileReference; explicitFileType = wrapper.application; includeInIndex = 0; path = "Space Cat.app"; sourceTree = BUILT_PRODUCTS_DIR; };
		285AAD0E1968EB41004FFE85 /* Foundation.framework */ = {isa = PBXFileReference; lastKnownFileType = wrapper.framework; name = Foundation.framework; path = System/Library/Frameworks/Foundation.framework; sourceTree = SDKROOT; };
		285AAD101968EB41004FFE85 /* CoreGraphics.framework */ = {isa = PBXFileReference; lastKnownFileType = wrapper.framework; name = CoreGraphics.framework; path = System/Library/Frameworks/CoreGraphics.framework; sourceTree = SDKROOT; };
		285AAD121968EB41004FFE85 /* UIKit.framework */ = {isa = PBXFileReference; lastKnownFileType = wrapper.framework; name = UIKit.framework; path = System/Library/Frameworks/UIKit.framework; sourceTree = SDKROOT; };
		285AAD141968EB41004FFE85 /* SpriteKit.framework */ = {isa = PBXFileReference; lastKnownFileType = wrapper.framework; name = SpriteKit.framework; path = System/Library/Frameworks/SpriteKit.framework; sourceTree = SDKROOT; };
		285AAD181968EB41004FFE85 /* Space Cat-Info.plist */ = {isa = PBXFileReference; lastKnownFileType = text.plist.xml; path = "Space Cat-Info.plist"; sourceTree = "<group>"; };
		285AAD1A1968EB41004FFE85 /* en */ = {isa = PBXFileReference; lastKnownFileType = text.plist.strings; name = en; path = en.lproj/InfoPlist.strings; sourceTree = "<group>"; };
		285AAD1C1968EB41004FFE85 /* main.m */ = {isa = PBXFileReference; lastKnownFileType = sourcecode.c.objc; path = main.m; sourceTree = "<group>"; };
		285AAD1E1968EB41004FFE85 /* Space Cat-Prefix.pch */ = {isa = PBXFileReference; lastKnownFileType = sourcecode.c.h; path = "Space Cat-Prefix.pch"; sourceTree = "<group>"; };
		285AAD1F1968EB41004FFE85 /* STAppDelegate.h */ = {isa = PBXFileReference; lastKnownFileType = sourcecode.c.h; path = STAppDelegate.h; sourceTree = "<group>"; };
		285AAD201968EB41004FFE85 /* STAppDelegate.m */ = {isa = PBXFileReference; lastKnownFileType = sourcecode.c.objc; path = STAppDelegate.m; sourceTree = "<group>"; };
		285AAD231968EB41004FFE85 /* Base */ = {isa = PBXFileReference; lastKnownFileType = file.storyboard; name = Base; path = Base.lproj/Main.storyboard; sourceTree = "<group>"; };
		285AAD251968EB41004FFE85 /* STViewController.h */ = {isa = PBXFileReference; lastKnownFileType = sourcecode.c.h; path = STViewController.h; sourceTree = "<group>"; };
		285AAD261968EB41004FFE85 /* STViewController.m */ = {isa = PBXFileReference; lastKnownFileType = sourcecode.c.objc; path = STViewController.m; sourceTree = "<group>"; };
		285AAD2D1968EB41004FFE85 /* Images.xcassets */ = {isa = PBXFileReference; lastKnownFileType = folder.assetcatalog; path = Images.xcassets; sourceTree = "<group>"; };
		285AAD331968EB41004FFE85 /* Space CatTests.xctest */ = {isa = PBXFileReference; explicitFileType = wrapper.cfbundle; includeInIndex = 0; path = "Space CatTests.xctest"; sourceTree = BUILT_PRODUCTS_DIR; };
		285AAD341968EB41004FFE85 /* XCTest.framework */ = {isa = PBXFileReference; lastKnownFileType = wrapper.framework; name = XCTest.framework; path = Library/Frameworks/XCTest.framework; sourceTree = DEVELOPER_DIR; };
		285AAD3C1968EB41004FFE85 /* Space CatTests-Info.plist */ = {isa = PBXFileReference; lastKnownFileType = text.plist.xml; path = "Space CatTests-Info.plist"; sourceTree = "<group>"; };
		285AAD3E1968EB41004FFE85 /* en */ = {isa = PBXFileReference; lastKnownFileType = text.plist.strings; name = en; path = en.lproj/InfoPlist.strings; sourceTree = "<group>"; };
		285AAD401968EB41004FFE85 /* Space_CatTests.m */ = {isa = PBXFileReference; lastKnownFileType = sourcecode.c.objc; path = Space_CatTests.m; sourceTree = "<group>"; };
/* End PBXFileReference section */

/* Begin PBXFrameworksBuildPhase section */
		285AAD081968EB41004FFE85 /* Frameworks */ = {
			isa = PBXFrameworksBuildPhase;
			buildActionMask = 2147483647;
			files = (
				285AAD111968EB41004FFE85 /* CoreGraphics.framework in Frameworks */,
				285AAD131968EB41004FFE85 /* UIKit.framework in Frameworks */,
				285AAD151968EB41004FFE85 /* SpriteKit.framework in Frameworks */,
				285AAD0F1968EB41004FFE85 /* Foundation.framework in Frameworks */,
			);
			runOnlyForDeploymentPostprocessing = 0;
		};
		285AAD301968EB41004FFE85 /* Frameworks */ = {
			isa = PBXFrameworksBuildPhase;
			buildActionMask = 2147483647;
			files = (
				285AAD351968EB41004FFE85 /* XCTest.framework in Frameworks */,
				285AAD371968EB41004FFE85 /* UIKit.framework in Frameworks */,
				285AAD361968EB41004FFE85 /* Foundation.framework in Frameworks */,
			);
			runOnlyForDeploymentPostprocessing = 0;
		};
/* End PBXFrameworksBuildPhase section */

/* Begin PBXGroup section */
		285AAD021968EB40004FFE85 = {
			isa = PBXGroup;
			children = (
				285AAD161968EB41004FFE85 /* Space Cat */,
				285AAD3A1968EB41004FFE85 /* Space CatTests */,
				285AAD0D1968EB41004FFE85 /* Frameworks */,
				285AAD0C1968EB41004FFE85 /* Products */,
			);
			sourceTree = "<group>";
		};
		285AAD0C1968EB41004FFE85 /* Products */ = {
			isa = PBXGroup;
			children = (
				285AAD0B1968EB41004FFE85 /* Space Cat.app */,
				285AAD331968EB41004FFE85 /* Space CatTests.xctest */,
			);
			name = Products;
			sourceTree = "<group>";
		};
		285AAD0D1968EB41004FFE85 /* Frameworks */ = {
			isa = PBXGroup;
			children = (
				285AAD0E1968EB41004FFE85 /* Foundation.framework */,
				285AAD101968EB41004FFE85 /* CoreGraphics.framework */,
				285AAD121968EB41004FFE85 /* UIKit.framework */,
				285AAD141968EB41004FFE85 /* SpriteKit.framework */,
				285AAD341968EB41004FFE85 /* XCTest.framework */,
			);
			name = Frameworks;
			sourceTree = "<group>";
		};
		285AAD161968EB41004FFE85 /* Space Cat */ = {
			isa = PBXGroup;
			children = (
				285AAD1F1968EB41004FFE85 /* STAppDelegate.h */,
				285AAD201968EB41004FFE85 /* STAppDelegate.m */,
				285AAD221968EB41004FFE85 /* Main.storyboard */,
				285AAD251968EB41004FFE85 /* STViewController.h */,
				285AAD261968EB41004FFE85 /* STViewController.m */,
				281ED572199EC6C1000A6EF0 /* STTitleScene.h */,
				281ED573199EC6C1000A6EF0 /* STTitleScene.m */,
				285AAD2D1968EB41004FFE85 /* Images.xcassets */,
				285AAD171968EB41004FFE85 /* Supporting Files */,
			);
			path = "Space Cat";
			sourceTree = "<group>";
		};
		285AAD171968EB41004FFE85 /* Supporting Files */ = {
			isa = PBXGroup;
			children = (
				285AAD181968EB41004FFE85 /* Space Cat-Info.plist */,
				285AAD191968EB41004FFE85 /* InfoPlist.strings */,
				285AAD1C1968EB41004FFE85 /* main.m */,
				285AAD1E1968EB41004FFE85 /* Space Cat-Prefix.pch */,
			);
			name = "Supporting Files";
			sourceTree = "<group>";
		};
		285AAD3A1968EB41004FFE85 /* Space CatTests */ = {
			isa = PBXGroup;
			children = (
				285AAD401968EB41004FFE85 /* Space_CatTests.m */,
				285AAD3B1968EB41004FFE85 /* Supporting Files */,
			);
			path = "Space CatTests";
			sourceTree = "<group>";
		};
		285AAD3B1968EB41004FFE85 /* Supporting Files */ = {
			isa = PBXGroup;
			children = (
				285AAD3C1968EB41004FFE85 /* Space CatTests-Info.plist */,
				285AAD3D1968EB41004FFE85 /* InfoPlist.strings */,
			);
			name = "Supporting Files";
			sourceTree = "<group>";
		};
/* End PBXGroup section */

/* Begin PBXNativeTarget section */
		285AAD0A1968EB41004FFE85 /* Space Cat */ = {
			isa = PBXNativeTarget;
			buildConfigurationList = 285AAD441968EB41004FFE85 /* Build configuration list for PBXNativeTarget "Space Cat" */;
			buildPhases = (
				285AAD071968EB41004FFE85 /* Sources */,
				285AAD081968EB41004FFE85 /* Frameworks */,
				285AAD091968EB41004FFE85 /* Resources */,
			);
			buildRules = (
			);
			dependencies = (
			);
			name = "Space Cat";
			productName = "Space Cat";
			productReference = 285AAD0B1968EB41004FFE85 /* Space Cat.app */;
			productType = "com.apple.product-type.application";
		};
		285AAD321968EB41004FFE85 /* Space CatTests */ = {
			isa = PBXNativeTarget;
			buildConfigurationList = 285AAD471968EB41004FFE85 /* Build configuration list for PBXNativeTarget "Space CatTests" */;
			buildPhases = (
				285AAD2F1968EB41004FFE85 /* Sources */,
				285AAD301968EB41004FFE85 /* Frameworks */,
				285AAD311968EB41004FFE85 /* Resources */,
			);
			buildRules = (
			);
			dependencies = (
				285AAD391968EB41004FFE85 /* PBXTargetDependency */,
			);
			name = "Space CatTests";
			productName = "Space CatTests";
			productReference = 285AAD331968EB41004FFE85 /* Space CatTests.xctest */;
			productType = "com.apple.product-type.bundle.unit-test";
		};
/* End PBXNativeTarget section */

/* Begin PBXProject section */
		285AAD031968EB40004FFE85 /* Project object */ = {
			isa = PBXProject;
			attributes = {
				CLASSPREFIX = ST;
				LastUpgradeCheck = 0510;
				ORGANIZATIONNAME = ShyongTech;
				TargetAttributes = {
					285AAD321968EB41004FFE85 = {
						TestTargetID = 285AAD0A1968EB41004FFE85;
					};
				};
			};
			buildConfigurationList = 285AAD061968EB40004FFE85 /* Build configuration list for PBXProject "Space Cat" */;
			compatibilityVersion = "Xcode 3.2";
			developmentRegion = English;
			hasScannedForEncodings = 0;
			knownRegions = (
				en,
				Base,
			);
			mainGroup = 285AAD021968EB40004FFE85;
			productRefGroup = 285AAD0C1968EB41004FFE85 /* Products */;
			projectDirPath = "";
			projectRoot = "";
			targets = (
				285AAD0A1968EB41004FFE85 /* Space Cat */,
				285AAD321968EB41004FFE85 /* Space CatTests */,
			);
		};
/* End PBXProject section */

/* Begin PBXResourcesBuildPhase section */
		285AAD091968EB41004FFE85 /* Resources */ = {
			isa = PBXResourcesBuildPhase;
			buildActionMask = 2147483647;
			files = (
				285AAD1B1968EB41004FFE85 /* InfoPlist.strings in Resources */,
				285AAD2E1968EB41004FFE85 /* Images.xcassets in Resources */,
				285AAD241968EB41004FFE85 /* Main.storyboard in Resources */,
			);
			runOnlyForDeploymentPostprocessing = 0;
		};
		285AAD311968EB41004FFE85 /* Resources */ = {
			isa = PBXResourcesBuildPhase;
			buildActionMask = 2147483647;
			files = (
				285AAD3F1968EB41004FFE85 /* InfoPlist.strings in Resources */,
			);
			runOnlyForDeploymentPostprocessing = 0;
		};
/* End PBXResourcesBuildPhase section */

/* Begin PBXSourcesBuildPhase section */
		285AAD071968EB41004FFE85 /* Sources */ = {
			isa = PBXSourcesBuildPhase;
			buildActionMask = 2147483647;
			files = (
				285AAD271968EB41004FFE85 /* STViewController.m in Sources */,
				285AAD1D1968EB41004FFE85 /* main.m in Sources */,
				285AAD211968EB41004FFE85 /* STAppDelegate.m in Sources */,
				281ED574199EC6C1000A6EF0 /* STTitleScene.m in Sources */,
			);
			runOnlyForDeploymentPostprocessing = 0;
		};
		285AAD2F1968EB41004FFE85 /* Sources */ = {
			isa = PBXSourcesBuildPhase;
			buildActionMask = 2147483647;
			files = (
				285AAD411968EB41004FFE85 /* Space_CatTests.m in Sources */,
			);
			runOnlyForDeploymentPostprocessing = 0;
		};
/* End PBXSourcesBuildPhase section */

/* Begin PBXTargetDependency section */
		285AAD391968EB41004FFE85 /* PBXTargetDependency */ = {
			isa = PBXTargetDependency;
			target = 285AAD0A1968EB41004FFE85 /* Space Cat */;
			targetProxy = 285AAD381968EB41004FFE85 /* PBXContainerItemProxy */;
		};
/* End PBXTargetDependency section */

/* Begin PBXVariantGroup section */
		285AAD191968EB41004FFE85 /* InfoPlist.strings */ = {
			isa = PBXVariantGroup;
			children = (
				285AAD1A1968EB41004FFE85 /* en */,
			);
			name = InfoPlist.strings;
			sourceTree = "<group>";
		};
		285AAD221968EB41004FFE85 /* Main.storyboard */ = {
			isa = PBXVariantGroup;
			children = (
				285AAD231968EB41004FFE85 /* Base */,
			);
			name = Main.storyboard;
			sourceTree = "<group>";
		};
		285AAD3D1968EB41004FFE85 /* InfoPlist.strings */ = {
			isa = PBXVariantGroup;
			children = (
				285AAD3E1968EB41004FFE85 /* en */,
			);
			name = InfoPlist.strings;
			sourceTree = "<group>";
		};
/* End PBXVariantGroup section */

/* Begin XCBuildConfiguration section */
		285AAD421968EB41004FFE85 /* Debug */ = {
			isa = XCBuildConfiguration;
			buildSettings = {
				ALWAYS_SEARCH_USER_PATHS = NO;
				CLANG_CXX_LANGUAGE_STANDARD = "gnu++0x";
				CLANG_CXX_LIBRARY = "libc++";
				CLANG_ENABLE_MODULES = YES;
				CLANG_ENABLE_OBJC_ARC = YES;
				CLANG_WARN_BOOL_CONVERSION = YES;
				CLANG_WARN_CONSTANT_CONVERSION = YES;
				CLANG_WARN_DIRECT_OBJC_ISA_USAGE = YES_ERROR;
				CLANG_WARN_EMPTY_BODY = YES;
				CLANG_WARN_ENUM_CONVERSION = YES;
				CLANG_WARN_INT_CONVERSION = YES;
				CLANG_WARN_OBJC_ROOT_CLASS = YES_ERROR;
				CLANG_WARN__DUPLICATE_METHOD_MATCH = YES;
				"CODE_SIGN_IDENTITY[sdk=iphoneos*]" = "iPhone Developer";
				COPY_PHASE_STRIP = NO;
				GCC_C_LANGUAGE_STANDARD = gnu99;
				GCC_DYNAMIC_NO_PIC = NO;
				GCC_OPTIMIZATION_LEVEL = 0;
				GCC_PREPROCESSOR_DEFINITIONS = (
					"DEBUG=1",
					"$(inherited)",
				);
				GCC_SYMBOLS_PRIVATE_EXTERN = NO;
				GCC_WARN_64_TO_32_BIT_CONVERSION = YES;
				GCC_WARN_ABOUT_RETURN_TYPE = YES_ERROR;
				GCC_WARN_UNDECLARED_SELECTOR = YES;
				GCC_WARN_UNINITIALIZED_AUTOS = YES_AGGRESSIVE;
				GCC_WARN_UNUSED_FUNCTION = YES;
				GCC_WARN_UNUSED_VARIABLE = YES;
				IPHONEOS_DEPLOYMENT_TARGET = 7.1;
				ONLY_ACTIVE_ARCH = YES;
				SDKROOT = iphoneos;
			};
			name = Debug;
		};
		285AAD431968EB41004FFE85 /* Release */ = {
			isa = XCBuildConfiguration;
			buildSettings = {
				ALWAYS_SEARCH_USER_PATHS = NO;
				CLANG_CXX_LANGUAGE_STANDARD = "gnu++0x";
				CLANG_CXX_LIBRARY = "libc++";
				CLANG_ENABLE_MODULES = YES;
				CLANG_ENABLE_OBJC_ARC = YES;
				CLANG_WARN_BOOL_CONVERSION = YES;
				CLANG_WARN_CONSTANT_CONVERSION = YES;
				CLANG_WARN_DIRECT_OBJC_ISA_USAGE = YES_ERROR;
				CLANG_WARN_EMPTY_BODY = YES;
				CLANG_WARN_ENUM_CONVERSION = YES;
				CLANG_WARN_INT_CONVERSION = YES;
				CLANG_WARN_OBJC_ROOT_CLASS = YES_ERROR;
				CLANG_WARN__DUPLICATE_METHOD_MATCH = YES;
				"CODE_SIGN_IDENTITY[sdk=iphoneos*]" = "iPhone Developer";
				COPY_PHASE_STRIP = YES;
				ENABLE_NS_ASSERTIONS = NO;
				GCC_C_LANGUAGE_STANDARD = gnu99;
				GCC_WARN_64_TO_32_BIT_CONVERSION = YES;
				GCC_WARN_ABOUT_RETURN_TYPE = YES_ERROR;
				GCC_WARN_UNDECLARED_SELECTOR = YES;
				GCC_WARN_UNINITIALIZED_AUTOS = YES_AGGRESSIVE;
				GCC_WARN_UNUSED_FUNCTION = YES;
				GCC_WARN_UNUSED_VARIABLE = YES;
				IPHONEOS_DEPLOYMENT_TARGET = 7.1;
				SDKROOT = iphoneos;
				VALIDATE_PRODUCT = YES;
			};
			name = Release;
		};
		285AAD451968EB41004FFE85 /* Debug */ = {
			isa = XCBuildConfiguration;
			buildSettings = {
				ASSETCATALOG_COMPILER_APPICON_NAME = AppIcon;
				ASSETCATALOG_COMPILER_LAUNCHIMAGE_NAME = LaunchImage;
				GCC_PRECOMPILE_PREFIX_HEADER = YES;
				GCC_PREFIX_HEADER = "Space Cat/Space Cat-Prefix.pch";
				INFOPLIST_FILE = "Space Cat/Space Cat-Info.plist";
				PRODUCT_NAME = "$(TARGET_NAME)";
				SPRITEKIT_TEXTURE_ATLAS_OUTPUT = YES;
				WRAPPER_EXTENSION = app;
			};
			name = Debug;
		};
		285AAD461968EB41004FFE85 /* Release */ = {
			isa = XCBuildConfiguration;
			buildSettings = {
				ASSETCATALOG_COMPILER_APPICON_NAME = AppIcon;
				ASSETCATALOG_COMPILER_LAUNCHIMAGE_NAME = LaunchImage;
				GCC_PRECOMPILE_PREFIX_HEADER = YES;
				GCC_PREFIX_HEADER = "Space Cat/Space Cat-Prefix.pch";
				INFOPLIST_FILE = "Space Cat/Space Cat-Info.plist";
				PRODUCT_NAME = "$(TARGET_NAME)";
				SPRITEKIT_TEXTURE_ATLAS_OUTPUT = YES;
				WRAPPER_EXTENSION = app;
			};
			name = Release;
		};
		285AAD481968EB41004FFE85 /* Debug */ = {
			isa = XCBuildConfiguration;
			buildSettings = {
				BUNDLE_LOADER = "$(BUILT_PRODUCTS_DIR)/Space Cat.app/Space Cat";
				FRAMEWORK_SEARCH_PATHS = (
					"$(SDKROOT)/Developer/Library/Frameworks",
					"$(inherited)",
					"$(DEVELOPER_FRAMEWORKS_DIR)",
				);
				GCC_PRECOMPILE_PREFIX_HEADER = YES;
				GCC_PREFIX_HEADER = "Space Cat/Space Cat-Prefix.pch";
				GCC_PREPROCESSOR_DEFINITIONS = (
					"DEBUG=1",
					"$(inherited)",
				);
				INFOPLIST_FILE = "Space CatTests/Space CatTests-Info.plist";
				PRODUCT_NAME = "$(TARGET_NAME)";
				TEST_HOST = "$(BUNDLE_LOADER)";
				WRAPPER_EXTENSION = xctest;
			};
			name = Debug;
		};
		285AAD491968EB41004FFE85 /* Release */ = {
			isa = XCBuildConfiguration;
			buildSettings = {
				BUNDLE_LOADER = "$(BUILT_PRODUCTS_DIR)/Space Cat.app/Space Cat";
				FRAMEWORK_SEARCH_PATHS = (
					"$(SDKROOT)/Developer/Library/Frameworks",
					"$(inherited)",
					"$(DEVELOPER_FRAMEWORKS_DIR)",
				);
				GCC_PRECOMPILE_PREFIX_HEADER = YES;
				GCC_PREFIX_HEADER = "Space Cat/Space Cat-Prefix.pch";
				INFOPLIST_FILE = "Space CatTests/Space CatTests-Info.plist";
				PRODUCT_NAME = "$(TARGET_NAME)";
				TEST_HOST = "$(BUNDLE_LOADER)";
				WRAPPER_EXTENSION = xctest;
			};
			name = Release;
		};
/* End XCBuildConfiguration section */

/* Begin XCConfigurationList section */
		285AAD061968EB40004FFE85 /* Build configuration list for PBXProject "Space Cat" */ = {
			isa = XCConfigurationList;
			buildConfigurations = (
				285AAD421968EB41004FFE85 /* Debug */,
				285AAD431968EB41004FFE85 /* Release */,
			);
			defaultConfigurationIsVisible = 0;
			defaultConfigurationName = Release;
		};
		285AAD441968EB41004FFE85 /* Build configuration list for PBXNativeTarget "Space Cat" */ = {
			isa = XCConfigurationList;
			buildConfigurations = (
				285AAD451968EB41004FFE85 /* Debug */,
				285AAD461968EB41004FFE85 /* Release */,
			);
			defaultConfigurationIsVisible = 0;
			defaultConfigurationName = Release;
		};
		285AAD471968EB41004FFE85 /* Build configuration list for PBXNativeTarget "Space CatTests" */ = {
			isa = XCConfigurationList;
			buildConfigurations = (
				285AAD481968EB41004FFE85 /* Debug */,
				285AAD491968EB41004FFE85 /* Release */,
			);
			defaultConfigurationIsVisible = 0;
			defaultConfigurationName = Release;
		};
/* End XCConfigurationList section */
	};
	rootObject = 285AAD031968EB40004FFE85 /* Project object */;
}
